
Microsoft Visual Studio Solution File, Format Version 12.00
# Visual Studio Version 17
VisualStudioVersion = 17.9.34728.123
MinimumVisualStudioVersion = 10.0.40219.1
Project("{FAE04EC0-301F-11D3-BF4B-00C04F79EFBC}") = "Homework_17", "Homework_17.csproj", "{5B50F20E-4437-4F50-BE2F-A3E385038855}"
EndProject
Global
	GlobalSection(SolutionConfigurationPlatforms) = preSolution
		Debug|Any CPU = Debug|Any CPU
		Release|Any CPU = Release|Any CPU
	EndGlobalSection
	GlobalSection(ProjectConfigurationPlatforms) = postSolution
		{5B50F20E-4437-4F50-BE2F-A3E385038855}.Debug|Any CPU.ActiveCfg = Debug|Any CPU
		{5B50F20E-4437-4F50-BE2F-A3E385038855}.Debug|Any CPU.Build.0 = Debug|Any CPU
		{5B50F20E-4437-4F50-BE2F-A3E385038855}.Release|Any CPU.ActiveCfg = Release|Any CPU
		{5B50F20E-4437-4F50-BE2F-A3E385038855}.Release|Any CPU.Build.0 = Release|Any CPU
	EndGlobalSection
	GlobalSection(SolutionProperties) = preSolution
		HideSolutionNode = FALSE
	EndGlobalSection
	GlobalSection(ExtensibilityGlobals) = postSolution
		SolutionGuid = {5B4F6393-08EA-429E-AC39-6C341BBEB528}
	EndGlobalSection
EndGlobal
